dependencies:
- name: community-operator
  repository: https://mongodb.github.io/helm-charts
  version: 0.7.5
- name: custom-resource-5gzorro
  repository: ""
  version: 0.1.0
- name: external-dns
  repository: https://charts.bitnami.com/bitnami
  version: 6.7.5
- name: ingress-nginx
  repository: https://kubernetes.github.io/ingress-nginx
  version: 4.2.3
- name: cert-manager
  repository: https://charts.jetstack.io
  version: v1.9.1
- name: vault
  repository: https://helm.releases.hashicorp.com
  version: 0.18.0
- name: loki-stack
  repository: https://grafana.github.io/helm-charts
  version: 2.6.9
- name: kube-prometheus-stack
  repository: https://prometheus-community.github.io/helm-charts
  version: 36.0.3
- name: minio
  repository: https://charts.min.io/
  version: 4.0.13
- name: postgres-operator
  repository: https://opensource.zalando.com/postgres-operator/charts/postgres-operator
  version: 1.8.2
- name: strimzi-kafka-operator
  repository: https://strimzi.io/charts/
  version: 0.29.0
- name: redis
  repository: https://charts.bitnami.com/bitnami
  version: 16.13.2
- name: argo-workflows
  repository: https://argoproj.github.io/argo-helm
  version: 0.16.9
- name: elma
  repository: ""
  version: 3.1.*
- name: elma
  repository: ""
  version: 3.1.*
- name: monitoring-data-aggregator
  repository: ""
  version: 0.1.*
- name: aries-cloudagent
  repository: ""
  version: 0.1.*
- name: aries-cloudagent
  repository: ""
  version: 0.1.*
- name: aries-cloudagent
  repository: ""
  version: 0.1.*
- name: aries-cloudagent
  repository: ""
  version: 0.1.*
- name: identity-and-permissions-manager
  repository: ""
  version: 0.1.*
- name: identity-and-permissions-manager
  repository: ""
  version: 0.1.*
- name: identity-and-permissions-manager
  repository: ""
  version: 0.1.*
- name: identity-and-permissions-manager
  repository: ""
  version: 0.1.*
- name: governance-manager-api
  repository: ""
  version: 0.1.*
- name: governance-manager-api
  repository: ""
  version: 0.1.*
- name: legal-prose-repository
  repository: ""
  version: 0.1.*
- name: legal-prose-repository
  repository: ""
  version: 0.1.*
- name: smart-contract-lifecycle-manager
  repository: ""
  version: 0.1.*
- name: smart-contract-lifecycle-manager
  repository: ""
  version: 0.1.*
- name: smart-contract-lifecycle-manager
  repository: ""
  version: 0.1.*
- name: resource-and-service-offer-catalog
  repository: ""
  version: 0.1.*
- name: gui
  repository: ""
  version: 0.1.*
digest: sha256:5a4f3f1df478967a59757f48b8010c08bf89fcbdea84a21786a4d963aaecf0aa
generated: "2022-08-29T17:02:16.544163282+02:00"
