dependencies:
- name: community-operator
  repository: https://mongodb.github.io/helm-charts
  version: 0.7.5
- name: rabbitmq-cluster-operator
  repository: https://charts.bitnami.com/bitnami
  version: 2.7.4
- name: custom-resource-5gzorro
  repository: ""
  version: 0.1.0
- name: datalake
  repository: ""
  version: 0.1.0
- name: external-dns
  repository: https://charts.bitnami.com/bitnami
  version: 6.7.5
- name: ingress-nginx
  repository: https://kubernetes.github.io/ingress-nginx
  version: 4.3.0
- name: cert-manager
  repository: https://charts.jetstack.io
  version: v1.9.1
- name: loki-stack
  repository: https://grafana.github.io/helm-charts
  version: 2.6.9
- name: kube-prometheus-stack
  repository: https://prometheus-community.github.io/helm-charts
  version: 36.0.3
- name: minio
  repository: https://charts.min.io/
  version: 4.0.15
- name: postgres-operator
  repository: https://opensource.zalando.com/postgres-operator/charts/postgres-operator
  version: 1.8.2
- name: strimzi-kafka-operator
  repository: https://strimzi.io/charts/
  version: 0.29.0
- name: argo-workflows
  repository: https://argoproj.github.io/argo-helm
  version: 0.19.1
- name: argo-events
  repository: https://argoproj.github.io/argo-helm
  version: 2.0.5
- name: elma
  repository: ""
  version: 3.1.*
- name: elma
  repository: ""
  version: 3.1.*
- name: elma
  repository: ""
  version: 3.1.*
- name: elma
  repository: ""
  version: 3.1.*
- name: aries-cloudagent
  repository: ""
  version: 0.1.*
- name: aries-cloudagent
  repository: ""
  version: 0.1.*
- name: aries-cloudagent
  repository: ""
  version: 0.1.*
- name: aries-cloudagent
  repository: ""
  version: 0.1.*
- name: identity-and-permissions-manager
  repository: ""
  version: 0.1.*
- name: identity-and-permissions-manager
  repository: ""
  version: 0.1.*
- name: identity-and-permissions-manager
  repository: ""
  version: 0.1.*
- name: identity-and-permissions-manager
  repository: ""
  version: 0.1.*
- name: governance-manager-api
  repository: ""
  version: 0.1.*
- name: governance-manager-api
  repository: ""
  version: 0.1.*
- name: legal-prose-repository
  repository: ""
  version: 0.1.*
- name: legal-prose-repository
  repository: ""
  version: 0.1.*
- name: smart-contract-lifecycle-manager
  repository: ""
  version: 0.1.*
- name: smart-contract-lifecycle-manager
  repository: ""
  version: 0.1.*
- name: smart-contract-lifecycle-manager
  repository: ""
  version: 0.1.*
- name: smart-contract-lifecycle-manager
  repository: ""
  version: 0.1.*
- name: resource-and-service-offer-catalog
  repository: ""
  version: 0.1.*
- name: resource-and-service-offer-catalog
  repository: ""
  version: 0.1.*
- name: resource-and-service-offer-catalog
  repository: ""
  version: 0.1.*
- name: resource-and-service-offer-catalog
  repository: ""
  version: 0.1.*
- name: gui
  repository: ""
  version: 0.1.*
- name: gui
  repository: ""
  version: 0.1.*
- name: gui
  repository: ""
  version: 0.1.*
- name: gui
  repository: ""
  version: 0.1.*
- name: smart-resource-and-service-discovery
  repository: ""
  version: 0.1.*
- name: smart-resource-and-service-discovery
  repository: ""
  version: 0.1.*
- name: smart-resource-and-service-discovery
  repository: ""
  version: 0.1.*
- name: smart-resource-and-service-discovery
  repository: ""
  version: 0.1.*
- name: monitoring-data-aggregator
  repository: ""
  version: 0.1.*
- name: monitoring-data-aggregator
  repository: ""
  version: 0.1.*
- name: monitoring-data-aggregator
  repository: ""
  version: 0.1.*
- name: monitoring-data-aggregator
  repository: ""
  version: 0.1.*
- name: xrm
  repository: ""
  version: 0.1.*
- name: xrm
  repository: ""
  version: 0.1.*
- name: xrm
  repository: ""
  version: 0.1.*
- name: xrm
  repository: ""
  version: 0.1.*
- name: trmf
  repository: ""
  version: 1.0.*
- name: trmf
  repository: ""
  version: 1.0.*
- name: trmf
  repository: ""
  version: 1.0.*
- name: issm
  repository: ""
  version: 0.1.*
- name: issm
  repository: ""
  version: 0.1.*
- name: issm
  repository: ""
  version: 0.1.*
- name: nsso
  repository: ""
  version: 0.1.*
- name: nsso
  repository: ""
  version: 0.1.*
- name: sla-breach-predictor
  repository: ""
  version: 0.1.*
digest: sha256:a3ed05dc3db78ce28955d2085b0e7df02a22de8b32ef2cbb019a3eece7bc6cae
generated: "2022-10-20T15:46:37.235931336+02:00"
