dependencies:
- name: loki-stack
  repository: https://grafana.github.io/helm-charts
  version: 2.6.4
- name: kube-prometheus-stack
  repository: https://prometheus-community.github.io/helm-charts
  version: 36.0.2
- name: minio
  repository: https://charts.min.io/
  version: 4.0.2
- name: postgres-operator
  repository: https://opensource.zalando.com/postgres-operator/charts/postgres-operator
  version: 1.8.1
digest: sha256:14d02614327a4d38a7b579b978856da99dbf5aa023f52e2764694da7ba6a434c
generated: "2022-06-17T15:26:36.818281078+02:00"
